// !$*UTF8*$!
{
	archiveVersion = 1;
	classes = {
	};
	objectVersion = 56;
	objects = {

/* Begin PBXBuildFile section */
		6F6030A60757190A651817F1 /* Pods_SnapchatClone.framework in Frameworks */ = {isa = PBXBuildFile; fileRef = 04909E37C3959026D5C79DB5 /* Pods_SnapchatClone.framework */; };
		A70F641D2ACD76700060C739 /* Feed.swift in Sources */ = {isa = PBXBuildFile; fileRef = A70F641C2ACD76700060C739 /* Feed.swift */; };
		A70F641F2ACD76C40060C739 /* Upload.swift in Sources */ = {isa = PBXBuildFile; fileRef = A70F641E2ACD76C40060C739 /* Upload.swift */; };
		A70F64212ACD76D20060C739 /* Settings.swift in Sources */ = {isa = PBXBuildFile; fileRef = A70F64202ACD76D20060C739 /* Settings.swift */; };
		A75E1D432ACD669F00D43893 /* GoogleService-Info.plist in Resources */ = {isa = PBXBuildFile; fileRef = A75E1D422ACD669F00D43893 /* GoogleService-Info.plist */; };
		A78F0F542AD87F4A00D8F260 /* UserSingleton.swift in Sources */ = {isa = PBXBuildFile; fileRef = A78F0F532AD87F4A00D8F260 /* UserSingleton.swift */; };
		A7B9ADDA2ACD7A7B00C0271E /* SnapVC.swift in Sources */ = {isa = PBXBuildFile; fileRef = A7B9ADD92ACD7A7B00C0271E /* SnapVC.swift */; };
		A7CC7D462ACD64DB00469A4F /* AppDelegate.swift in Sources */ = {isa = PBXBuildFile; fileRef = A7CC7D452ACD64DB00469A4F /* AppDelegate.swift */; };
		A7CC7D482ACD64DB00469A4F /* SceneDelegate.swift in Sources */ = {isa = PBXBuildFile; fileRef = A7CC7D472ACD64DB00469A4F /* SceneDelegate.swift */; };
		A7CC7D4A2ACD64DB00469A4F /* SignInVC.swift in Sources */ = {isa = PBXBuildFile; fileRef = A7CC7D492ACD64DB00469A4F /* SignInVC.swift */; };
		A7CC7D4D2ACD64DB00469A4F /* Main.storyboard in Resources */ = {isa = PBXBuildFile; fileRef = A7CC7D4B2ACD64DB00469A4F /* Main.storyboard */; };
		A7CC7D4F2ACD64DC00469A4F /* Assets.xcassets in Resources */ = {isa = PBXBuildFile; fileRef = A7CC7D4E2ACD64DC00469A4F /* Assets.xcassets */; };
		A7CC7D522ACD64DC00469A4F /* LaunchScreen.storyboard in Resources */ = {isa = PBXBuildFile; fileRef = A7CC7D502ACD64DC00469A4F /* LaunchScreen.storyboard */; };
/* End PBXBuildFile section */

/* Begin PBXFileReference section */
		04909E37C3959026D5C79DB5 /* Pods_SnapchatClone.framework */ = {isa = PBXFileReference; explicitFileType = wrapper.framework; includeInIndex = 0; path = Pods_SnapchatClone.framework; sourceTree = BUILT_PRODUCTS_DIR; };
		5DA967756063C4805E2D01FA /* Pods-SnapchatClone.debug.xcconfig */ = {isa = PBXFileReference; includeInIndex = 1; lastKnownFileType = text.xcconfig; name = "Pods-SnapchatClone.debug.xcconfig"; path = "Target Support Files/Pods-SnapchatClone/Pods-SnapchatClone.debug.xcconfig"; sourceTree = "<group>"; };
		A70F641C2ACD76700060C739 /* Feed.swift */ = {isa = PBXFileReference; lastKnownFileType = sourcecode.swift; path = Feed.swift; sourceTree = "<group>"; };
		A70F641E2ACD76C40060C739 /* Upload.swift */ = {isa = PBXFileReference; lastKnownFileType = sourcecode.swift; path = Upload.swift; sourceTree = "<group>"; };
		A70F64202ACD76D20060C739 /* Settings.swift */ = {isa = PBXFileReference; lastKnownFileType = sourcecode.swift; path = Settings.swift; sourceTree = "<group>"; };
		A75E1D422ACD669F00D43893 /* GoogleService-Info.plist */ = {isa = PBXFileReference; fileEncoding = 4; lastKnownFileType = text.plist.xml; path = "GoogleService-Info.plist"; sourceTree = "<group>"; };
		A78F0F532AD87F4A00D8F260 /* UserSingleton.swift */ = {isa = PBXFileReference; lastKnownFileType = sourcecode.swift; path = UserSingleton.swift; sourceTree = "<group>"; };
		A7B9ADD92ACD7A7B00C0271E /* SnapVC.swift */ = {isa = PBXFileReference; lastKnownFileType = sourcecode.swift; path = SnapVC.swift; sourceTree = "<group>"; };
		A7CC7D422ACD64DB00469A4F /* SnapchatClone.app */ = {isa = PBXFileReference; explicitFileType = wrapper.application; includeInIndex = 0; path = SnapchatClone.app; sourceTree = BUILT_PRODUCTS_DIR; };
		A7CC7D452ACD64DB00469A4F /* AppDelegate.swift */ = {isa = PBXFileReference; lastKnownFileType = sourcecode.swift; path = AppDelegate.swift; sourceTree = "<group>"; };
		A7CC7D472ACD64DB00469A4F /* SceneDelegate.swift */ = {isa = PBXFileReference; lastKnownFileType = sourcecode.swift; path = SceneDelegate.swift; sourceTree = "<group>"; };
		A7CC7D492ACD64DB00469A4F /* SignInVC.swift */ = {isa = PBXFileReference; lastKnownFileType = sourcecode.swift; path = SignInVC.swift; sourceTree = "<group>"; };
		A7CC7D4C2ACD64DB00469A4F /* Base */ = {isa = PBXFileReference; lastKnownFileType = file.storyboard; name = Base; path = Base.lproj/Main.storyboard; sourceTree = "<group>"; };
		A7CC7D4E2ACD64DC00469A4F /* Assets.xcassets */ = {isa = PBXFileReference; lastKnownFileType = folder.assetcatalog; path = Assets.xcassets; sourceTree = "<group>"; };
		A7CC7D512ACD64DC00469A4F /* Base */ = {isa = PBXFileReference; lastKnownFileType = file.storyboard; name = Base; path = Base.lproj/LaunchScreen.storyboard; sourceTree = "<group>"; };
		A7CC7D532ACD64DC00469A4F /* Info.plist */ = {isa = PBXFileReference; lastKnownFileType = text.plist.xml; path = Info.plist; sourceTree = "<group>"; };
		D526781293DC9C459D7DC290 /* Pods-SnapchatClone.release.xcconfig */ = {isa = PBXFileReference; includeInIndex = 1; lastKnownFileType = text.xcconfig; name = "Pods-SnapchatClone.release.xcconfig"; path = "Target Support Files/Pods-SnapchatClone/Pods-SnapchatClone.release.xcconfig"; sourceTree = "<group>"; };
/* End PBXFileReference section */

/* Begin PBXFrameworksBuildPhase section */
		A7CC7D3F2ACD64DB00469A4F /* Frameworks */ = {
			isa = PBXFrameworksBuildPhase;
			buildActionMask = 2147483647;
			files = (
				6F6030A60757190A651817F1 /* Pods_SnapchatClone.framework in Frameworks */,
			);
			runOnlyForDeploymentPostprocessing = 0;
		};
/* End PBXFrameworksBuildPhase section */

/* Begin PBXGroup section */
		1828EBE3E8FCB2563687F44F /* Pods */ = {
			isa = PBXGroup;
			children = (
				5DA967756063C4805E2D01FA /* Pods-SnapchatClone.debug.xcconfig */,
				D526781293DC9C459D7DC290 /* Pods-SnapchatClone.release.xcconfig */,
			);
			path = Pods;
			sourceTree = "<group>";
		};
		4591043D629B11940D689561 /* Frameworks */ = {
			isa = PBXGroup;
			children = (
				04909E37C3959026D5C79DB5 /* Pods_SnapchatClone.framework */,
			);
			name = Frameworks;
			sourceTree = "<group>";
		};
		A70F64222ACD76ED0060C739 /* ViewControllers */ = {
			isa = PBXGroup;
			children = (
				A7CC7D492ACD64DB00469A4F /* SignInVC.swift */,
				A70F641C2ACD76700060C739 /* Feed.swift */,
				A70F641E2ACD76C40060C739 /* Upload.swift */,
				A70F64202ACD76D20060C739 /* Settings.swift */,
				A7B9ADD92ACD7A7B00C0271E /* SnapVC.swift */,
			);
			path = ViewControllers;
			sourceTree = "<group>";
		};
		A70F64232ACD77120060C739 /* Delegates */ = {
			isa = PBXGroup;
			children = (
				A7CC7D452ACD64DB00469A4F /* AppDelegate.swift */,
				A7CC7D472ACD64DB00469A4F /* SceneDelegate.swift */,
			);
			path = Delegates;
			sourceTree = "<group>";
		};
		A78F0F502AD87F0F00D8F260 /* Model */ = {
			isa = PBXGroup;
			children = (
				A78F0F532AD87F4A00D8F260 /* UserSingleton.swift */,
			);
			path = Model;
			sourceTree = "<group>";
		};
		A7CC7D392ACD64DB00469A4F = {
			isa = PBXGroup;
			children = (
				A7CC7D442ACD64DB00469A4F /* SnapchatClone */,
				A7CC7D432ACD64DB00469A4F /* Products */,
				1828EBE3E8FCB2563687F44F /* Pods */,
				4591043D629B11940D689561 /* Frameworks */,
			);
			sourceTree = "<group>";
		};
		A7CC7D432ACD64DB00469A4F /* Products */ = {
			isa = PBXGroup;
			children = (
				A7CC7D422ACD64DB00469A4F /* SnapchatClone.app */,
			);
			name = Products;
			sourceTree = "<group>";
		};
		A7CC7D442ACD64DB00469A4F /* SnapchatClone */ = {
			isa = PBXGroup;
			children = (
				A78F0F502AD87F0F00D8F260 /* Model */,
				A70F64232ACD77120060C739 /* Delegates */,
				A70F64222ACD76ED0060C739 /* ViewControllers */,
				A7CC7D4B2ACD64DB00469A4F /* Main.storyboard */,
				A75E1D422ACD669F00D43893 /* GoogleService-Info.plist */,
				A7CC7D4E2ACD64DC00469A4F /* Assets.xcassets */,
				A7CC7D502ACD64DC00469A4F /* LaunchScreen.storyboard */,
				A7CC7D532ACD64DC00469A4F /* Info.plist */,
			);
			path = SnapchatClone;
			sourceTree = "<group>";
		};
/* End PBXGroup section */

/* Begin PBXNativeTarget section */
		A7CC7D412ACD64DB00469A4F /* SnapchatClone */ = {
			isa = PBXNativeTarget;
			buildConfigurationList = A7CC7D562ACD64DC00469A4F /* Build configuration list for PBXNativeTarget "SnapchatClone" */;
			buildPhases = (
				809B0090B0CFEB1F12A359EC /* [CP] Check Pods Manifest.lock */,
				A7CC7D3E2ACD64DB00469A4F /* Sources */,
				A7CC7D3F2ACD64DB00469A4F /* Frameworks */,
				A7CC7D402ACD64DB00469A4F /* Resources */,
				533C4CAAC81993B64B3B8ECE /* [CP] Embed Pods Frameworks */,
			);
			buildRules = (
			);
			dependencies = (
			);
			name = SnapchatClone;
			productName = SnapchatClone;
			productReference = A7CC7D422ACD64DB00469A4F /* SnapchatClone.app */;
			productType = "com.apple.product-type.application";
		};
/* End PBXNativeTarget section */

/* Begin PBXProject section */
		A7CC7D3A2ACD64DB00469A4F /* Project object */ = {
			isa = PBXProject;
			attributes = {
				BuildIndependentTargetsInParallel = 1;
				LastSwiftUpdateCheck = 1430;
				LastUpgradeCheck = 1430;
				TargetAttributes = {
					A7CC7D412ACD64DB00469A4F = {
						CreatedOnToolsVersion = 14.3;
					};
				};
			};
			buildConfigurationList = A7CC7D3D2ACD64DB00469A4F /* Build configuration list for PBXProject "SnapchatClone" */;
			compatibilityVersion = "Xcode 14.0";
			developmentRegion = en;
			hasScannedForEncodings = 0;
			knownRegions = (
				en,
				Base,
			);
			mainGroup = A7CC7D392ACD64DB00469A4F;
			productRefGroup = A7CC7D432ACD64DB00469A4F /* Products */;
			projectDirPath = "";
			projectRoot = "";
			targets = (
				A7CC7D412ACD64DB00469A4F /* SnapchatClone */,
			);
		};
/* End PBXProject section */

/* Begin PBXResourcesBuildPhase section */
		A7CC7D402ACD64DB00469A4F /* Resources */ = {
			isa = PBXResourcesBuildPhase;
			buildActionMask = 2147483647;
			files = (
				A7CC7D522ACD64DC00469A4F /* LaunchScreen.storyboard in Resources */,
				A75E1D432ACD669F00D43893 /* GoogleService-Info.plist in Resources */,
				A7CC7D4F2ACD64DC00469A4F /* Assets.xcassets in Resources */,
				A7CC7D4D2ACD64DB00469A4F /* Main.storyboard in Resources */,
			);
			runOnlyForDeploymentPostprocessing = 0;
		};
/* End PBXResourcesBuildPhase section */

/* Begin PBXShellScriptBuildPhase section */
		533C4CAAC81993B64B3B8ECE /* [CP] Embed Pods Frameworks */ = {
			isa = PBXShellScriptBuildPhase;
			buildActionMask = 2147483647;
			files = (
			);
			inputFileListPaths = (
				"${PODS_ROOT}/Target Support Files/Pods-SnapchatClone/Pods-SnapchatClone-frameworks-${CONFIGURATION}-input-files.xcfilelist",
			);
			name = "[CP] Embed Pods Frameworks";
			outputFileListPaths = (
				"${PODS_ROOT}/Target Support Files/Pods-SnapchatClone/Pods-SnapchatClone-frameworks-${CONFIGURATION}-output-files.xcfilelist",
			);
			runOnlyForDeploymentPostprocessing = 0;
			shellPath = /bin/sh;
			shellScript = "\"${PODS_ROOT}/Target Support Files/Pods-SnapchatClone/Pods-SnapchatClone-frameworks.sh\"\n";
			showEnvVarsInLog = 0;
		};
		809B0090B0CFEB1F12A359EC /* [CP] Check Pods Manifest.lock */ = {
			isa = PBXShellScriptBuildPhase;
			buildActionMask = 2147483647;
			files = (
			);
			inputFileListPaths = (
			);
			inputPaths = (
				"${PODS_PODFILE_DIR_PATH}/Podfile.lock",
				"${PODS_ROOT}/Manifest.lock",
			);
			name = "[CP] Check Pods Manifest.lock";
			outputFileListPaths = (
			);
			outputPaths = (
				"$(DERIVED_FILE_DIR)/Pods-SnapchatClone-checkManifestLockResult.txt",
			);
			runOnlyForDeploymentPostprocessing = 0;
			shellPath = /bin/sh;
			shellScript = "diff \"${PODS_PODFILE_DIR_PATH}/Podfile.lock\" \"${PODS_ROOT}/Manifest.lock\" > /dev/null\nif [ $? != 0 ] ; then\n    # print error to STDERR\n    echo \"error: The sandbox is not in sync with the Podfile.lock. Run 'pod install' or update your CocoaPods installation.\" >&2\n    exit 1\nfi\n# This output is used by Xcode 'outputs' to avoid re-running this script phase.\necho \"SUCCESS\" > \"${SCRIPT_OUTPUT_FILE_0}\"\n";
			showEnvVarsInLog = 0;
		};
/* End PBXShellScriptBuildPhase section */

/* Begin PBXSourcesBuildPhase section */
		A7CC7D3E2ACD64DB00469A4F /* Sources */ = {
			isa = PBXSourcesBuildPhase;
			buildActionMask = 2147483647;
			files = (
				A70F64212ACD76D20060C739 /* Settings.swift in Sources */,
				A7CC7D4A2ACD64DB00469A4F /* SignInVC.swift in Sources */,
				A78F0F542AD87F4A00D8F260 /* UserSingleton.swift in Sources */,
				A70F641F2ACD76C40060C739 /* Upload.swift in Sources */,
				A70F641D2ACD76700060C739 /* Feed.swift in Sources */,
				A7B9ADDA2ACD7A7B00C0271E /* SnapVC.swift in Sources */,
				A7CC7D462ACD64DB00469A4F /* AppDelegate.swift in Sources */,
				A7CC7D482ACD64DB00469A4F /* SceneDelegate.swift in Sources */,
			);
			runOnlyForDeploymentPostprocessing = 0;
		};
/* End PBXSourcesBuildPhase section */

/* Begin PBXVariantGroup section */
		A7CC7D4B2ACD64DB00469A4F /* Main.storyboard */ = {
			isa = PBXVariantGroup;
			children = (
				A7CC7D4C2ACD64DB00469A4F /* Base */,
			);
			name = Main.storyboard;
			sourceTree = "<group>";
		};
		A7CC7D502ACD64DC00469A4F /* LaunchScreen.storyboard */ = {
			isa = PBXVariantGroup;
			children = (
				A7CC7D512ACD64DC00469A4F /* Base */,
			);
			name = LaunchScreen.storyboard;
			sourceTree = "<group>";
		};
/* End PBXVariantGroup section */

/* Begin XCBuildConfiguration section */
		A7CC7D542ACD64DC00469A4F /* Debug */ = {
			isa = XCBuildConfiguration;
			buildSettings = {
				ALWAYS_SEARCH_USER_PATHS = NO;
				CLANG_ANALYZER_NONNULL = YES;
				CLANG_ANALYZER_NUMBER_OBJECT_CONVERSION = YES_AGGRESSIVE;
				CLANG_CXX_LANGUAGE_STANDARD = "gnu++20";
				CLANG_ENABLE_MODULES = YES;
				CLANG_ENABLE_OBJC_ARC = YES;
				CLANG_ENABLE_OBJC_WEAK = YES;
				CLANG_WARN_BLOCK_CAPTURE_AUTORELEASING = YES;
				CLANG_WARN_BOOL_CONVERSION = YES;
				CLANG_WARN_COMMA = YES;
				CLANG_WARN_CONSTANT_CONVERSION = YES;
				CLANG_WARN_DEPRECATED_OBJC_IMPLEMENTATIONS = YES;
				CLANG_WARN_DIRECT_OBJC_ISA_USAGE = YES_ERROR;
				CLANG_WARN_DOCUMENTATION_COMMENTS = YES;
				CLANG_WARN_EMPTY_BODY = YES;
				CLANG_WARN_ENUM_CONVERSION = YES;
				CLANG_WARN_INFINITE_RECURSION = YES;
				CLANG_WARN_INT_CONVERSION = YES;
				CLANG_WARN_NON_LITERAL_NULL_CONVERSION = YES;
				CLANG_WARN_OBJC_IMPLICIT_RETAIN_SELF = YES;
				CLANG_WARN_OBJC_LITERAL_CONVERSION = YES;
				CLANG_WARN_OBJC_ROOT_CLASS = YES_ERROR;
				CLANG_WARN_QUOTED_INCLUDE_IN_FRAMEWORK_HEADER = YES;
				CLANG_WARN_RANGE_LOOP_ANALYSIS = YES;
				CLANG_WARN_STRICT_PROTOTYPES = YES;
				CLANG_WARN_SUSPICIOUS_MOVE = YES;
				CLANG_WARN_UNGUARDED_AVAILABILITY = YES_AGGRESSIVE;
				CLANG_WARN_UNREACHABLE_CODE = YES;
				CLANG_WARN__DUPLICATE_METHOD_MATCH = YES;
				COPY_PHASE_STRIP = NO;
				DEBUG_INFORMATION_FORMAT = dwarf;
				ENABLE_STRICT_OBJC_MSGSEND = YES;
				ENABLE_TESTABILITY = YES;
				GCC_C_LANGUAGE_STANDARD = gnu11;
				GCC_DYNAMIC_NO_PIC = NO;
				GCC_NO_COMMON_BLOCKS = YES;
				GCC_OPTIMIZATION_LEVEL = 0;
				GCC_PREPROCESSOR_DEFINITIONS = (
					"DEBUG=1",
					"$(inherited)",
				);
				GCC_WARN_64_TO_32_BIT_CONVERSION = YES;
				GCC_WARN_ABOUT_RETURN_TYPE = YES_ERROR;
				GCC_WARN_UNDECLARED_SELECTOR = YES;
				GCC_WARN_UNINITIALIZED_AUTOS = YES_AGGRESSIVE;
				GCC_WARN_UNUSED_FUNCTION = YES;
				GCC_WARN_UNUSED_VARIABLE = YES;
				IPHONEOS_DEPLOYMENT_TARGET = 16.4;
				MTL_ENABLE_DEBUG_INFO = INCLUDE_SOURCE;
				MTL_FAST_MATH = YES;
				ONLY_ACTIVE_ARCH = YES;
				SDKROOT = iphoneos;
				SWIFT_ACTIVE_COMPILATION_CONDITIONS = DEBUG;
				SWIFT_OPTIMIZATION_LEVEL = "-Onone";
			};
			name = Debug;
		};
		A7CC7D552ACD64DC00469A4F /* Release */ = {
			isa = XCBuildConfiguration;
			buildSettings = {
				ALWAYS_SEARCH_USER_PATHS = NO;
				CLANG_ANALYZER_NONNULL = YES;
				CLANG_ANALYZER_NUMBER_OBJECT_CONVERSION = YES_AGGRESSIVE;
				CLANG_CXX_LANGUAGE_STANDARD = "gnu++20";
				CLANG_ENABLE_MODULES = YES;
				CLANG_ENABLE_OBJC_ARC = YES;
				CLANG_ENABLE_OBJC_WEAK = YES;
				CLANG_WARN_BLOCK_CAPTURE_AUTORELEASING = YES;
				CLANG_WARN_BOOL_CONVERSION = YES;
				CLANG_WARN_COMMA = YES;
				CLANG_WARN_CONSTANT_CONVERSION = YES;
				CLANG_WARN_DEPRECATED_OBJC_IMPLEMENTATIONS = YES;
				CLANG_WARN_DIRECT_OBJC_ISA_USAGE = YES_ERROR;
				CLANG_WARN_DOCUMENTATION_COMMENTS = YES;
				CLANG_WARN_EMPTY_BODY = YES;
				CLANG_WARN_ENUM_CONVERSION = YES;
				CLANG_WARN_INFINITE_RECURSION = YES;
				CLANG_WARN_INT_CONVERSION = YES;
				CLANG_WARN_NON_LITERAL_NULL_CONVERSION = YES;
				CLANG_WARN_OBJC_IMPLICIT_RETAIN_SELF = YES;
				CLANG_WARN_OBJC_LITERAL_CONVERSION = YES;
				CLANG_WARN_OBJC_ROOT_CLASS = YES_ERROR;
				CLANG_WARN_QUOTED_INCLUDE_IN_FRAMEWORK_HEADER = YES;
				CLANG_WARN_RANGE_LOOP_ANALYSIS = YES;
				CLANG_WARN_STRICT_PROTOTYPES = YES;
				CLANG_WARN_SUSPICIOUS_MOVE = YES;
				CLANG_WARN_UNGUARDED_AVAILABILITY = YES_AGGRESSIVE;
				CLANG_WARN_UNREACHABLE_CODE = YES;
				CLANG_WARN__DUPLICATE_METHOD_MATCH = YES;
				COPY_PHASE_STRIP = NO;
				DEBUG_INFORMATION_FORMAT = "dwarf-with-dsym";
				ENABLE_NS_ASSERTIONS = NO;
				ENABLE_STRICT_OBJC_MSGSEND = YES;
				GCC_C_LANGUAGE_STANDARD = gnu11;
				GCC_NO_COMMON_BLOCKS = YES;
				GCC_WARN_64_TO_32_BIT_CONVERSION = YES;
				GCC_WARN_ABOUT_RETURN_TYPE = YES_ERROR;
				GCC_WARN_UNDECLARED_SELECTOR = YES;
				GCC_WARN_UNINITIALIZED_AUTOS = YES_AGGRESSIVE;
				GCC_WARN_UNUSED_FUNCTION = YES;
				GCC_WARN_UNUSED_VARIABLE = YES;
				IPHONEOS_DEPLOYMENT_TARGET = 16.4;
				MTL_ENABLE_DEBUG_INFO = NO;
				MTL_FAST_MATH = YES;
				SDKROOT = iphoneos;
				SWIFT_COMPILATION_MODE = wholemodule;
				SWIFT_OPTIMIZATION_LEVEL = "-O";
				VALIDATE_PRODUCT = YES;
			};
			name = Release;
		};
		A7CC7D572ACD64DC00469A4F /* Debug */ = {
			isa = XCBuildConfiguration;
			baseConfigurationReference = 5DA967756063C4805E2D01FA /* Pods-SnapchatClone.debug.xcconfig */;
			buildSettings = {
				ASSETCATALOG_COMPILER_APPICON_NAME = AppIcon;
				ASSETCATALOG_COMPILER_GLOBAL_ACCENT_COLOR_NAME = AccentColor;
				CODE_SIGN_STYLE = Automatic;
				CURRENT_PROJECT_VERSION = 1;
				DEVELOPMENT_TEAM = 9UGZTB7VYP;
				GENERATE_INFOPLIST_FILE = YES;
				INFOPLIST_FILE = SnapchatClone/Info.plist;
				INFOPLIST_KEY_UIApplicationSupportsIndirectInputEvents = YES;
				INFOPLIST_KEY_UILaunchStoryboardName = LaunchScreen;
				INFOPLIST_KEY_UIMainStoryboardFile = Main;
				INFOPLIST_KEY_UISupportedInterfaceOrientations_iPad = "UIInterfaceOrientationPortrait UIInterfaceOrientationPortraitUpsideDown UIInterfaceOrientationLandscapeLeft UIInterfaceOrientationLandscapeRight";
				INFOPLIST_KEY_UISupportedInterfaceOrientations_iPhone = "UIInterfaceOrientationPortrait UIInterfaceOrientationLandscapeLeft UIInterfaceOrientationLandscapeRight";
				LD_RUNPATH_SEARCH_PATHS = (
					"$(inherited)",
					"@executable_path/Frameworks",
				);
				MARKETING_VERSION = 1.0;
				PRODUCT_BUNDLE_IDENTIFIER = aibekigizbayev.SnapchatClone;
				PRODUCT_NAME = "$(TARGET_NAME)";
				SWIFT_EMIT_LOC_STRINGS = YES;
				SWIFT_VERSION = 5.0;
				TARGETED_DEVICE_FAMILY = "1,2";
			};
			name = Debug;
		};
		A7CC7D582ACD64DC00469A4F /* Release */ = {
			isa = XCBuildConfiguration;
			baseConfigurationReference = D526781293DC9C459D7DC290 /* Pods-SnapchatClone.release.xcconfig */;
			buildSettings = {
				ASSETCATALOG_COMPILER_APPICON_NAME = AppIcon;
				ASSETCATALOG_COMPILER_GLOBAL_ACCENT_COLOR_NAME = AccentColor;
				CODE_SIGN_STYLE = Automatic;
				CURRENT_PROJECT_VERSION = 1;
				DEVELOPMENT_TEAM = 9UGZTB7VYP;
				GENERATE_INFOPLIST_FILE = YES;
				INFOPLIST_FILE = SnapchatClone/Info.plist;
				INFOPLIST_KEY_UIApplicationSupportsIndirectInputEvents = YES;
				INFOPLIST_KEY_UILaunchStoryboardName = LaunchScreen;
				INFOPLIST_KEY_UIMainStoryboardFile = Main;
				INFOPLIST_KEY_UISupportedInterfaceOrientations_iPad = "UIInterfaceOrientationPortrait UIInterfaceOrientationPortraitUpsideDown UIInterfaceOrientationLandscapeLeft UIInterfaceOrientationLandscapeRight";
				INFOPLIST_KEY_UISupportedInterfaceOrientations_iPhone = "UIInterfaceOrientationPortrait UIInterfaceOrientationLandscapeLeft UIInterfaceOrientationLandscapeRight";
				LD_RUNPATH_SEARCH_PATHS = (
					"$(inherited)",
					"@executable_path/Frameworks",
				);
				MARKETING_VERSION = 1.0;
				PRODUCT_BUNDLE_IDENTIFIER = aibekigizbayev.SnapchatClone;
				PRODUCT_NAME = "$(TARGET_NAME)";
				SWIFT_EMIT_LOC_STRINGS = YES;
				SWIFT_VERSION = 5.0;
				TARGETED_DEVICE_FAMILY = "1,2";
			};
			name = Release;
		};
/* End XCBuildConfiguration section */

/* Begin XCConfigurationList section */
		A7CC7D3D2ACD64DB00469A4F /* Build configuration list for PBXProject "SnapchatClone" */ = {
			isa = XCConfigurationList;
			buildConfigurations = (
				A7CC7D542ACD64DC00469A4F /* Debug */,
				A7CC7D552ACD64DC00469A4F /* Release */,
			);
			defaultConfigurationIsVisible = 0;
			defaultConfigurationName = Release;
		};
		A7CC7D562ACD64DC00469A4F /* Build configuration list for PBXNativeTarget "SnapchatClone" */ = {
			isa = XCConfigurationList;
			buildConfigurations = (
				A7CC7D572ACD64DC00469A4F /* Debug */,
				A7CC7D582ACD64DC00469A4F /* Release */,
			);
			defaultConfigurationIsVisible = 0;
			defaultConfigurationName = Release;
		};
/* End XCConfigurationList section */
	};
	rootObject = A7CC7D3A2ACD64DB00469A4F /* Project object */;
}
